
Microsoft Visual Studio Solution File, Format Version 12.00
# Visual Studio Version 17
VisualStudioVersion = 17.14.36915.13 d17.14
MinimumVisualStudioVersion = 10.0.40219.1
Project("{FAE04EC0-301F-11D3-BF4B-00C04F79EFBC}") = "Agencia de Tours", "Agencia de Tours\Agencia de Tours.csproj", "{234E534A-CBB1-420C-A21C-4F79D236BCD3}"
EndProject
Global
	GlobalSection(SolutionConfigurationPlatforms) = preSolution
		Debug|Any CPU = Debug|Any CPU
		Release|Any CPU = Release|Any CPU
	EndGlobalSection
	GlobalSection(ProjectConfigurationPlatforms) = postSolution
		{234E534A-CBB1-420C-A21C-4F79D236BCD3}.Debug|Any CPU.ActiveCfg = Debug|Any CPU
		{234E534A-CBB1-420C-A21C-4F79D236BCD3}.Debug|Any CPU.Build.0 = Debug|Any CPU
		{234E534A-CBB1-420C-A21C-4F79D236BCD3}.Release|Any CPU.ActiveCfg = Release|Any CPU
		{234E534A-CBB1-420C-A21C-4F79D236BCD3}.Release|Any CPU.Build.0 = Release|Any CPU
	EndGlobalSection
	GlobalSection(SolutionProperties) = preSolution
		HideSolutionNode = FALSE
	EndGlobalSection
	GlobalSection(ExtensibilityGlobals) = postSolution
		SolutionGuid = {426A0B33-54CD-4CED-870D-A19897FACE06}
	EndGlobalSection
EndGlobal
